{
  "name": "testwebix",
  "version": "1.0.0",
  "lockfileVersion": 3,
  "requires": true,
  "packages": {
    "": {
      "name": "testwebix",
      "version": "1.0.0",
      "license": "ISC",
      "dependencies": {
        "webix": "^10.3.1"
      }
    },
    "node_modules/webix": {
      "version": "10.3.1",
      "resolved": "https://registry.npmjs.org/webix/-/webix-10.3.1.tgz",
      "integrity": "sha512-2ah4K0lseJ91xsotSmr8B/u5OWkUorGxXa7kDtgAapL0bF+HoU45aLyHn9EYp5C8m+NCZqkhEYGTn4wMKcIOAw==",
      "license": "SEE LICENSE IN license.text"
    }
  }
}
